
Microsoft Visual Studio Solution File, Format Version 11.00
# Visual Studio 2010
Project("{2150E333-8FDC-42A3-9474-1A3956D46DE8}") = "SubsCenterOrg", "SubsCenterOrg", "{D091B252-18C8-4901-89E9-BCCCDB8D1B0C}"
EndProject
Project("{FAE04EC0-301F-11D3-BF4B-00C04F79EFBC}") = "SubsCenterOrg", "SubsCenterOrg\SubsCenterOrg.csproj", "{6913A869-41C5-4692-A1FB-4B77ADF01C2E}"
EndProject
Project("{FAE04EC0-301F-11D3-BF4B-00C04F79EFBC}") = "SubsCenterOrgTest", "SubsCenterOrgTest\SubsCenterOrgTest.csproj", "{7DB9E724-CC1C-4D98-BC9F-ED7BAD839913}"
EndProject
Project("{2150E333-8FDC-42A3-9474-1A3956D46DE8}") = "Solution Items", "Solution Items", "{0BCEDE33-78F0-46E8-ACE3-C7EDEE7F48E1}"
	ProjectSection(SolutionItems) = preProject
		HebrewSubtitleDownloader.vsmdi = HebrewSubtitleDownloader.vsmdi
		Local.testsettings = Local.testsettings
		TestSettings1.testsettings = TestSettings1.testsettings
		TraceAndTestImpact.testsettings = TraceAndTestImpact.testsettings
	EndProjectSection
EndProject
Project("{2150E333-8FDC-42A3-9474-1A3956D46DE8}") = "SratimCoIl", "SratimCoIl", "{DC7200AE-852C-4160-88D1-07417CE74EBD}"
EndProject
Project("{FAE04EC0-301F-11D3-BF4B-00C04F79EFBC}") = "Sratim", "Sratim\Sratim.csproj", "{91835CD4-3039-4218-8B51-F3E71E629DC8}"
EndProject
Project("{FAE04EC0-301F-11D3-BF4B-00C04F79EFBC}") = "SratimTest", "SratimTest\SratimTest.csproj", "{D1C8FB6C-B4CD-4B74-8FFF-8075C19E31F4}"
EndProject
Global
	GlobalSection(TestCaseManagementSettings) = postSolution
		CategoryFile = HebrewSubtitleDownloader.vsmdi
	EndGlobalSection
	GlobalSection(SolutionConfigurationPlatforms) = preSolution
		Debug|Any CPU = Debug|Any CPU
		Release|Any CPU = Release|Any CPU
	EndGlobalSection
	GlobalSection(ProjectConfigurationPlatforms) = postSolution
		{6913A869-41C5-4692-A1FB-4B77ADF01C2E}.Debug|Any CPU.ActiveCfg = Debug|Any CPU
		{6913A869-41C5-4692-A1FB-4B77ADF01C2E}.Debug|Any CPU.Build.0 = Debug|Any CPU
		{6913A869-41C5-4692-A1FB-4B77ADF01C2E}.Release|Any CPU.ActiveCfg = Release|Any CPU
		{6913A869-41C5-4692-A1FB-4B77ADF01C2E}.Release|Any CPU.Build.0 = Release|Any CPU
		{7DB9E724-CC1C-4D98-BC9F-ED7BAD839913}.Debug|Any CPU.ActiveCfg = Debug|Any CPU
		{7DB9E724-CC1C-4D98-BC9F-ED7BAD839913}.Debug|Any CPU.Build.0 = Debug|Any CPU
		{7DB9E724-CC1C-4D98-BC9F-ED7BAD839913}.Release|Any CPU.ActiveCfg = Release|Any CPU
		{7DB9E724-CC1C-4D98-BC9F-ED7BAD839913}.Release|Any CPU.Build.0 = Release|Any CPU
		{91835CD4-3039-4218-8B51-F3E71E629DC8}.Debug|Any CPU.ActiveCfg = Debug|Any CPU
		{91835CD4-3039-4218-8B51-F3E71E629DC8}.Debug|Any CPU.Build.0 = Debug|Any CPU
		{91835CD4-3039-4218-8B51-F3E71E629DC8}.Release|Any CPU.ActiveCfg = Release|Any CPU
		{91835CD4-3039-4218-8B51-F3E71E629DC8}.Release|Any CPU.Build.0 = Release|Any CPU
		{D1C8FB6C-B4CD-4B74-8FFF-8075C19E31F4}.Debug|Any CPU.ActiveCfg = Debug|Any CPU
		{D1C8FB6C-B4CD-4B74-8FFF-8075C19E31F4}.Debug|Any CPU.Build.0 = Debug|Any CPU
		{D1C8FB6C-B4CD-4B74-8FFF-8075C19E31F4}.Release|Any CPU.ActiveCfg = Release|Any CPU
		{D1C8FB6C-B4CD-4B74-8FFF-8075C19E31F4}.Release|Any CPU.Build.0 = Release|Any CPU
	EndGlobalSection
	GlobalSection(SolutionProperties) = preSolution
		HideSolutionNode = FALSE
	EndGlobalSection
	GlobalSection(NestedProjects) = preSolution
		{6913A869-41C5-4692-A1FB-4B77ADF01C2E} = {D091B252-18C8-4901-89E9-BCCCDB8D1B0C}
		{7DB9E724-CC1C-4D98-BC9F-ED7BAD839913} = {D091B252-18C8-4901-89E9-BCCCDB8D1B0C}
		{91835CD4-3039-4218-8B51-F3E71E629DC8} = {DC7200AE-852C-4160-88D1-07417CE74EBD}
		{D1C8FB6C-B4CD-4B74-8FFF-8075C19E31F4} = {DC7200AE-852C-4160-88D1-07417CE74EBD}
	EndGlobalSection
EndGlobal
